
Microsoft Visual Studio Solution File, Format Version 12.00
# Visual Studio 15
VisualStudioVersion = 15.0.26124.0
MinimumVisualStudioVersion = 15.0.26124.0
Project("{FAE04EC0-301F-11D3-BF4B-00C04F79EFBC}") = "SharpCR.Features.CloudStorage", "SharpCR.Features.CloudStorage\SharpCR.Features.CloudStorage.csproj", "{F295C6A3-EB90-4070-B111-990AA0EF6813}"
EndProject
Project("{FAE04EC0-301F-11D3-BF4B-00C04F79EFBC}") = "SharpCR.Features.SyncIntegration", "SharpCR.Features.SyncIntegration\SharpCR.Features.SyncIntegration.csproj", "{552C045E-1819-4F83-9193-7EF9C8508EBF}"
EndProject
Project("{FAE04EC0-301F-11D3-BF4B-00C04F79EFBC}") = "SharpCR.Features.Tests", "SharpCR.Features.Tests\SharpCR.Features.Tests.csproj", "{307E595D-E6F3-4CBA-A2F7-A2C4758B15FE}"
EndProject
Project("{FAE04EC0-301F-11D3-BF4B-00C04F79EFBC}") = "SharpCR.Features.ReadOnly", "SharpCR.Features.ReadOnly\SharpCR.Features.ReadOnly.csproj", "{C9E01E2E-E286-4792-9145-B8C7EE4B07C2}"
EndProject
Global
	GlobalSection(SolutionConfigurationPlatforms) = preSolution
		Debug|Any CPU = Debug|Any CPU
		Debug|x64 = Debug|x64
		Debug|x86 = Debug|x86
		Release|Any CPU = Release|Any CPU
		Release|x64 = Release|x64
		Release|x86 = Release|x86
	EndGlobalSection
	GlobalSection(SolutionProperties) = preSolution
		HideSolutionNode = FALSE
	EndGlobalSection
	GlobalSection(ProjectConfigurationPlatforms) = postSolution
		{F295C6A3-EB90-4070-B111-990AA0EF6813}.Debug|Any CPU.ActiveCfg = Debug|Any CPU
		{F295C6A3-EB90-4070-B111-990AA0EF6813}.Debug|Any CPU.Build.0 = Debug|Any CPU
		{F295C6A3-EB90-4070-B111-990AA0EF6813}.Debug|x64.ActiveCfg = Debug|Any CPU
		{F295C6A3-EB90-4070-B111-990AA0EF6813}.Debug|x64.Build.0 = Debug|Any CPU
		{F295C6A3-EB90-4070-B111-990AA0EF6813}.Debug|x86.ActiveCfg = Debug|Any CPU
		{F295C6A3-EB90-4070-B111-990AA0EF6813}.Debug|x86.Build.0 = Debug|Any CPU
		{F295C6A3-EB90-4070-B111-990AA0EF6813}.Release|Any CPU.ActiveCfg = Release|Any CPU
		{F295C6A3-EB90-4070-B111-990AA0EF6813}.Release|Any CPU.Build.0 = Release|Any CPU
		{F295C6A3-EB90-4070-B111-990AA0EF6813}.Release|x64.ActiveCfg = Release|Any CPU
		{F295C6A3-EB90-4070-B111-990AA0EF6813}.Release|x64.Build.0 = Release|Any CPU
		{F295C6A3-EB90-4070-B111-990AA0EF6813}.Release|x86.ActiveCfg = Release|Any CPU
		{F295C6A3-EB90-4070-B111-990AA0EF6813}.Release|x86.Build.0 = Release|Any CPU
		{552C045E-1819-4F83-9193-7EF9C8508EBF}.Debug|Any CPU.ActiveCfg = Debug|Any CPU
		{552C045E-1819-4F83-9193-7EF9C8508EBF}.Debug|Any CPU.Build.0 = Debug|Any CPU
		{552C045E-1819-4F83-9193-7EF9C8508EBF}.Debug|x64.ActiveCfg = Debug|Any CPU
		{552C045E-1819-4F83-9193-7EF9C8508EBF}.Debug|x64.Build.0 = Debug|Any CPU
		{552C045E-1819-4F83-9193-7EF9C8508EBF}.Debug|x86.ActiveCfg = Debug|Any CPU
		{552C045E-1819-4F83-9193-7EF9C8508EBF}.Debug|x86.Build.0 = Debug|Any CPU
		{552C045E-1819-4F83-9193-7EF9C8508EBF}.Release|Any CPU.ActiveCfg = Release|Any CPU
		{552C045E-1819-4F83-9193-7EF9C8508EBF}.Release|Any CPU.Build.0 = Release|Any CPU
		{552C045E-1819-4F83-9193-7EF9C8508EBF}.Release|x64.ActiveCfg = Release|Any CPU
		{552C045E-1819-4F83-9193-7EF9C8508EBF}.Release|x64.Build.0 = Release|Any CPU
		{552C045E-1819-4F83-9193-7EF9C8508EBF}.Release|x86.ActiveCfg = Release|Any CPU
		{552C045E-1819-4F83-9193-7EF9C8508EBF}.Release|x86.Build.0 = Release|Any CPU
		{307E595D-E6F3-4CBA-A2F7-A2C4758B15FE}.Debug|Any CPU.ActiveCfg = Debug|Any CPU
		{307E595D-E6F3-4CBA-A2F7-A2C4758B15FE}.Debug|Any CPU.Build.0 = Debug|Any CPU
		{307E595D-E6F3-4CBA-A2F7-A2C4758B15FE}.Debug|x64.ActiveCfg = Debug|Any CPU
		{307E595D-E6F3-4CBA-A2F7-A2C4758B15FE}.Debug|x64.Build.0 = Debug|Any CPU
		{307E595D-E6F3-4CBA-A2F7-A2C4758B15FE}.Debug|x86.ActiveCfg = Debug|Any CPU
		{307E595D-E6F3-4CBA-A2F7-A2C4758B15FE}.Debug|x86.Build.0 = Debug|Any CPU
		{307E595D-E6F3-4CBA-A2F7-A2C4758B15FE}.Release|Any CPU.ActiveCfg = Release|Any CPU
		{307E595D-E6F3-4CBA-A2F7-A2C4758B15FE}.Release|Any CPU.Build.0 = Release|Any CPU
		{307E595D-E6F3-4CBA-A2F7-A2C4758B15FE}.Release|x64.ActiveCfg = Release|Any CPU
		{307E595D-E6F3-4CBA-A2F7-A2C4758B15FE}.Release|x64.Build.0 = Release|Any CPU
		{307E595D-E6F3-4CBA-A2F7-A2C4758B15FE}.Release|x86.ActiveCfg = Release|Any CPU
		{307E595D-E6F3-4CBA-A2F7-A2C4758B15FE}.Release|x86.Build.0 = Release|Any CPU
		{C9E01E2E-E286-4792-9145-B8C7EE4B07C2}.Debug|Any CPU.ActiveCfg = Debug|Any CPU
		{C9E01E2E-E286-4792-9145-B8C7EE4B07C2}.Debug|Any CPU.Build.0 = Debug|Any CPU
		{C9E01E2E-E286-4792-9145-B8C7EE4B07C2}.Debug|x64.ActiveCfg = Debug|Any CPU
		{C9E01E2E-E286-4792-9145-B8C7EE4B07C2}.Debug|x64.Build.0 = Debug|Any CPU
		{C9E01E2E-E286-4792-9145-B8C7EE4B07C2}.Debug|x86.ActiveCfg = Debug|Any CPU
		{C9E01E2E-E286-4792-9145-B8C7EE4B07C2}.Debug|x86.Build.0 = Debug|Any CPU
		{C9E01E2E-E286-4792-9145-B8C7EE4B07C2}.Release|Any CPU.ActiveCfg = Release|Any CPU
		{C9E01E2E-E286-4792-9145-B8C7EE4B07C2}.Release|Any CPU.Build.0 = Release|Any CPU
		{C9E01E2E-E286-4792-9145-B8C7EE4B07C2}.Release|x64.ActiveCfg = Release|Any CPU
		{C9E01E2E-E286-4792-9145-B8C7EE4B07C2}.Release|x64.Build.0 = Release|Any CPU
		{C9E01E2E-E286-4792-9145-B8C7EE4B07C2}.Release|x86.ActiveCfg = Release|Any CPU
		{C9E01E2E-E286-4792-9145-B8C7EE4B07C2}.Release|x86.Build.0 = Release|Any CPU
	EndGlobalSection
EndGlobal
